
Microsoft Visual Studio Solution File, Format Version 12.00
# Visual Studio 15
VisualStudioVersion = 15.0.27130.2027
MinimumVisualStudioVersion = 10.0.40219.1
Project("{FAE04EC0-301F-11D3-BF4B-00C04F79EFBC}") = "Politexniki_Client", "Politexniki_Client\Politexniki_Client.csproj", "{EF1C0B58-999A-45DD-96EC-07FE7C46C00C}"
EndProject
Global
	GlobalSection(SolutionConfigurationPlatforms) = preSolution
		Debug|Any CPU = Debug|Any CPU
		Release|Any CPU = Release|Any CPU
	EndGlobalSection
	GlobalSection(ProjectConfigurationPlatforms) = postSolution
		{EF1C0B58-999A-45DD-96EC-07FE7C46C00C}.Debug|Any CPU.ActiveCfg = Debug|Any CPU
		{EF1C0B58-999A-45DD-96EC-07FE7C46C00C}.Debug|Any CPU.Build.0 = Debug|Any CPU
		{EF1C0B58-999A-45DD-96EC-07FE7C46C00C}.Release|Any CPU.ActiveCfg = Release|Any CPU
		{EF1C0B58-999A-45DD-96EC-07FE7C46C00C}.Release|Any CPU.Build.0 = Release|Any CPU
	EndGlobalSection
	GlobalSection(SolutionProperties) = preSolution
		HideSolutionNode = FALSE
	EndGlobalSection
	GlobalSection(ExtensibilityGlobals) = postSolution
		SolutionGuid = {B2FB20E5-9B07-49E6-9260-3F0CF913B941}
	EndGlobalSection
	GlobalSection(TeamFoundationVersionControl) = preSolution
		SccNumberOfProjects = 2
		SccEnterpriseProvider = {4CA58AB2-18FA-4F8D-95D4-32DDF27D184C}
		SccTeamFoundationServer = https://athanasioskechrimparis.visualstudio.com/
		SccLocalPath0 = .
		SccProjectUniqueName1 = Politexniki_Client\\Politexniki_Client.csproj
		SccProjectName1 = Politexniki_Client
		SccLocalPath1 = Politexniki_Client
	EndGlobalSection
EndGlobal
